{
  "version": 4,
  "terraform_version": "0.15.0",
  "serial": 3,
  "lineage": "c99fb4c7-d1bd-1ca3-9d81-895d684229f5",
  "outputs": {},
  "resources": [
    {
      "mode": "managed",
      "type": "azurerm_resource_group",
      "name": "virt-ifpb",
      "provider": "provider[\"registry.terraform.io/hashicorp/azurerm\"]",
      "instances": [
        {
          "schema_version": 0,
          "attributes": {
            "id": "/subscriptions/5ec2f8be-0ef1-41e8-96d7-f9a7843c6dbb/resourceGroups/virt-ifpb",
            "location": "eastus",
            "name": "virt-ifpb",
            "tags": {
              "Environment": "Terraform Virtualização IFPB",
              "Team": "Redes de Computadores"
            },
            "timeouts": null
          },
          "sensitive_attributes": [],
          "private": "eyJlMmJmYjczMC1lY2FhLTExZTYtOGY4OC0zNDM2M2JjN2M0YzAiOnsiY3JlYXRlIjo1NDAwMDAwMDAwMDAwLCJkZWxldGUiOjU0MDAwMDAwMDAwMDAsInJlYWQiOjMwMDAwMDAwMDAwMCwidXBkYXRlIjo1NDAwMDAwMDAwMDAwfX0="
        }
      ]
    }
  ]
}
